// !$*UTF8*$!
{
	archiveVersion = 1;
	classes = {
	};
	objectVersion = 50;
	objects = {

/* Begin PBXBuildFile section */
		282CD97C214254D900E4B4BE /* AppDelegate.swift in Sources */ = {isa = PBXBuildFile; fileRef = 282CD97B214254D900E4B4BE /* AppDelegate.swift */; };
		282CD97E214254D900E4B4BE /* ViewController.swift in Sources */ = {isa = PBXBuildFile; fileRef = 282CD97D214254D900E4B4BE /* ViewController.swift */; };
		282CD981214254D900E4B4BE /* Main.storyboard in Resources */ = {isa = PBXBuildFile; fileRef = 282CD97F214254D900E4B4BE /* Main.storyboard */; };
		282CD983214254D900E4B4BE /* Assets.xcassets in Resources */ = {isa = PBXBuildFile; fileRef = 282CD982214254D900E4B4BE /* Assets.xcassets */; };
		282CD986214254D900E4B4BE /* LaunchScreen.storyboard in Resources */ = {isa = PBXBuildFile; fileRef = 282CD984214254D900E4B4BE /* LaunchScreen.storyboard */; };
		282CD991214254D900E4B4BE /* PopGestureTests.swift in Sources */ = {isa = PBXBuildFile; fileRef = 282CD990214254D900E4B4BE /* PopGestureTests.swift */; };
		282CD99C214254DA00E4B4BE /* PopGestureUITests.swift in Sources */ = {isa = PBXBuildFile; fileRef = 282CD99B214254DA00E4B4BE /* PopGestureUITests.swift */; };
		282CD9AA21425E5800E4B4BE /* NavigationHander.swift in Sources */ = {isa = PBXBuildFile; fileRef = 282CD9A921425E5800E4B4BE /* NavigationHander.swift */; };
		282CD9AC2142609600E4B4BE /* NavigationAnimator.swift in Sources */ = {isa = PBXBuildFile; fileRef = 282CD9AB2142609600E4B4BE /* NavigationAnimator.swift */; };
		282CD9AE21460F6400E4B4BE /* FirstViewController.swift in Sources */ = {isa = PBXBuildFile; fileRef = 282CD9AD21460F6400E4B4BE /* FirstViewController.swift */; };
/* End PBXBuildFile section */

/* Begin PBXContainerItemProxy section */
		282CD98D214254D900E4B4BE /* PBXContainerItemProxy */ = {
			isa = PBXContainerItemProxy;
			containerPortal = 282CD970214254D800E4B4BE /* Project object */;
			proxyType = 1;
			remoteGlobalIDString = 282CD977214254D900E4B4BE;
			remoteInfo = PopGesture;
		};
		282CD998214254D900E4B4BE /* PBXContainerItemProxy */ = {
			isa = PBXContainerItemProxy;
			containerPortal = 282CD970214254D800E4B4BE /* Project object */;
			proxyType = 1;
			remoteGlobalIDString = 282CD977214254D900E4B4BE;
			remoteInfo = PopGesture;
		};
/* End PBXContainerItemProxy section */

/* Begin PBXFileReference section */
		282CD978214254D900E4B4BE /* PopGesture.app */ = {isa = PBXFileReference; explicitFileType = wrapper.application; includeInIndex = 0; path = PopGesture.app; sourceTree = BUILT_PRODUCTS_DIR; };
		282CD97B214254D900E4B4BE /* AppDelegate.swift */ = {isa = PBXFileReference; lastKnownFileType = sourcecode.swift; path = AppDelegate.swift; sourceTree = "<group>"; };
		282CD97D214254D900E4B4BE /* ViewController.swift */ = {isa = PBXFileReference; lastKnownFileType = sourcecode.swift; path = ViewController.swift; sourceTree = "<group>"; };
		282CD980214254D900E4B4BE /* Base */ = {isa = PBXFileReference; lastKnownFileType = file.storyboard; name = Base; path = Base.lproj/Main.storyboard; sourceTree = "<group>"; };
		282CD982214254D900E4B4BE /* Assets.xcassets */ = {isa = PBXFileReference; lastKnownFileType = folder.assetcatalog; path = Assets.xcassets; sourceTree = "<group>"; };
		282CD985214254D900E4B4BE /* Base */ = {isa = PBXFileReference; lastKnownFileType = file.storyboard; name = Base; path = Base.lproj/LaunchScreen.storyboard; sourceTree = "<group>"; };
		282CD987214254D900E4B4BE /* Info.plist */ = {isa = PBXFileReference; lastKnownFileType = text.plist.xml; path = Info.plist; sourceTree = "<group>"; };
		282CD98C214254D900E4B4BE /* PopGestureTests.xctest */ = {isa = PBXFileReference; explicitFileType = wrapper.cfbundle; includeInIndex = 0; path = PopGestureTests.xctest; sourceTree = BUILT_PRODUCTS_DIR; };
		282CD990214254D900E4B4BE /* PopGestureTests.swift */ = {isa = PBXFileReference; lastKnownFileType = sourcecode.swift; path = PopGestureTests.swift; sourceTree = "<group>"; };
		282CD992214254D900E4B4BE /* Info.plist */ = {isa = PBXFileReference; lastKnownFileType = text.plist.xml; path = Info.plist; sourceTree = "<group>"; };
		282CD997214254D900E4B4BE /* PopGestureUITests.xctest */ = {isa = PBXFileReference; explicitFileType = wrapper.cfbundle; includeInIndex = 0; path = PopGestureUITests.xctest; sourceTree = BUILT_PRODUCTS_DIR; };
		282CD99B214254DA00E4B4BE /* PopGestureUITests.swift */ = {isa = PBXFileReference; lastKnownFileType = sourcecode.swift; path = PopGestureUITests.swift; sourceTree = "<group>"; };
		282CD99D214254DA00E4B4BE /* Info.plist */ = {isa = PBXFileReference; lastKnownFileType = text.plist.xml; path = Info.plist; sourceTree = "<group>"; };
		282CD9A921425E5800E4B4BE /* NavigationHander.swift */ = {isa = PBXFileReference; lastKnownFileType = sourcecode.swift; path = NavigationHander.swift; sourceTree = "<group>"; };
		282CD9AB2142609600E4B4BE /* NavigationAnimator.swift */ = {isa = PBXFileReference; lastKnownFileType = sourcecode.swift; path = NavigationAnimator.swift; sourceTree = "<group>"; };
		282CD9AD21460F6400E4B4BE /* FirstViewController.swift */ = {isa = PBXFileReference; lastKnownFileType = sourcecode.swift; path = FirstViewController.swift; sourceTree = "<group>"; };
/* End PBXFileReference section */

/* Begin PBXFrameworksBuildPhase section */
		282CD975214254D900E4B4BE /* Frameworks */ = {
			isa = PBXFrameworksBuildPhase;
			buildActionMask = 2147483647;
			files = (
			);
			runOnlyForDeploymentPostprocessing = 0;
		};
		282CD989214254D900E4B4BE /* Frameworks */ = {
			isa = PBXFrameworksBuildPhase;
			buildActionMask = 2147483647;
			files = (
			);
			runOnlyForDeploymentPostprocessing = 0;
		};
		282CD994214254D900E4B4BE /* Frameworks */ = {
			isa = PBXFrameworksBuildPhase;
			buildActionMask = 2147483647;
			files = (
			);
			runOnlyForDeploymentPostprocessing = 0;
		};
/* End PBXFrameworksBuildPhase section */

/* Begin PBXGroup section */
		282CD96F214254D800E4B4BE = {
			isa = PBXGroup;
			children = (
				282CD97A214254D900E4B4BE /* PopGesture */,
				282CD98F214254D900E4B4BE /* PopGestureTests */,
				282CD99A214254DA00E4B4BE /* PopGestureUITests */,
				282CD979214254D900E4B4BE /* Products */,
			);
			sourceTree = "<group>";
		};
		282CD979214254D900E4B4BE /* Products */ = {
			isa = PBXGroup;
			children = (
				282CD978214254D900E4B4BE /* PopGesture.app */,
				282CD98C214254D900E4B4BE /* PopGestureTests.xctest */,
				282CD997214254D900E4B4BE /* PopGestureUITests.xctest */,
			);
			name = Products;
			sourceTree = "<group>";
		};
		282CD97A214254D900E4B4BE /* PopGesture */ = {
			isa = PBXGroup;
			children = (
				282CD97B214254D900E4B4BE /* AppDelegate.swift */,
				282CD97D214254D900E4B4BE /* ViewController.swift */,
				282CD9AD21460F6400E4B4BE /* FirstViewController.swift */,
				282CD9A921425E5800E4B4BE /* NavigationHander.swift */,
				282CD9AB2142609600E4B4BE /* NavigationAnimator.swift */,
				282CD97F214254D900E4B4BE /* Main.storyboard */,
				282CD982214254D900E4B4BE /* Assets.xcassets */,
				282CD984214254D900E4B4BE /* LaunchScreen.storyboard */,
				282CD987214254D900E4B4BE /* Info.plist */,
			);
			path = PopGesture;
			sourceTree = "<group>";
		};
		282CD98F214254D900E4B4BE /* PopGestureTests */ = {
			isa = PBXGroup;
			children = (
				282CD990214254D900E4B4BE /* PopGestureTests.swift */,
				282CD992214254D900E4B4BE /* Info.plist */,
			);
			path = PopGestureTests;
			sourceTree = "<group>";
		};
		282CD99A214254DA00E4B4BE /* PopGestureUITests */ = {
			isa = PBXGroup;
			children = (
				282CD99B214254DA00E4B4BE /* PopGestureUITests.swift */,
				282CD99D214254DA00E4B4BE /* Info.plist */,
			);
			path = PopGestureUITests;
			sourceTree = "<group>";
		};
/* End PBXGroup section */

/* Begin PBXNativeTarget section */
		282CD977214254D900E4B4BE /* PopGesture */ = {
			isa = PBXNativeTarget;
			buildConfigurationList = 282CD9A0214254DA00E4B4BE /* Build configuration list for PBXNativeTarget "PopGesture" */;
			buildPhases = (
				282CD974214254D900E4B4BE /* Sources */,
				282CD975214254D900E4B4BE /* Frameworks */,
				282CD976214254D900E4B4BE /* Resources */,
			);
			buildRules = (
			);
			dependencies = (
			);
			name = PopGesture;
			productName = PopGesture;
			productReference = 282CD978214254D900E4B4BE /* PopGesture.app */;
			productType = "com.apple.product-type.application";
		};
		282CD98B214254D900E4B4BE /* PopGestureTests */ = {
			isa = PBXNativeTarget;
			buildConfigurationList = 282CD9A3214254DA00E4B4BE /* Build configuration list for PBXNativeTarget "PopGestureTests" */;
			buildPhases = (
				282CD988214254D900E4B4BE /* Sources */,
				282CD989214254D900E4B4BE /* Frameworks */,
				282CD98A214254D900E4B4BE /* Resources */,
			);
			buildRules = (
			);
			dependencies = (
				282CD98E214254D900E4B4BE /* PBXTargetDependency */,
			);
			name = PopGestureTests;
			productName = PopGestureTests;
			productReference = 282CD98C214254D900E4B4BE /* PopGestureTests.xctest */;
			productType = "com.apple.product-type.bundle.unit-test";
		};
		282CD996214254D900E4B4BE /* PopGestureUITests */ = {
			isa = PBXNativeTarget;
			buildConfigurationList = 282CD9A6214254DA00E4B4BE /* Build configuration list for PBXNativeTarget "PopGestureUITests" */;
			buildPhases = (
				282CD993214254D900E4B4BE /* Sources */,
				282CD994214254D900E4B4BE /* Frameworks */,
				282CD995214254D900E4B4BE /* Resources */,
			);
			buildRules = (
			);
			dependencies = (
				282CD999214254D900E4B4BE /* PBXTargetDependency */,
			);
			name = PopGestureUITests;
			productName = PopGestureUITests;
			productReference = 282CD997214254D900E4B4BE /* PopGestureUITests.xctest */;
			productType = "com.apple.product-type.bundle.ui-testing";
		};
/* End PBXNativeTarget section */

/* Begin PBXProject section */
		282CD970214254D800E4B4BE /* Project object */ = {
			isa = PBXProject;
			attributes = {
				LastSwiftUpdateCheck = 0940;
				LastUpgradeCheck = 0940;
				ORGANIZATIONNAME = lyf;
				TargetAttributes = {
					282CD977214254D900E4B4BE = {
						CreatedOnToolsVersion = 9.4.1;
					};
					282CD98B214254D900E4B4BE = {
						CreatedOnToolsVersion = 9.4.1;
						TestTargetID = 282CD977214254D900E4B4BE;
					};
					282CD996214254D900E4B4BE = {
						CreatedOnToolsVersion = 9.4.1;
						TestTargetID = 282CD977214254D900E4B4BE;
					};
				};
			};
			buildConfigurationList = 282CD973214254D800E4B4BE /* Build configuration list for PBXProject "PopGesture" */;
			compatibilityVersion = "Xcode 9.3";
			developmentRegion = en;
			hasScannedForEncodings = 0;
			knownRegions = (
				en,
				Base,
			);
			mainGroup = 282CD96F214254D800E4B4BE;
			productRefGroup = 282CD979214254D900E4B4BE /* Products */;
			projectDirPath = "";
			projectRoot = "";
			targets = (
				282CD977214254D900E4B4BE /* PopGesture */,
				282CD98B214254D900E4B4BE /* PopGestureTests */,
				282CD996214254D900E4B4BE /* PopGestureUITests */,
			);
		};
/* End PBXProject section */

/* Begin PBXResourcesBuildPhase section */
		282CD976214254D900E4B4BE /* Resources */ = {
			isa = PBXResourcesBuildPhase;
			buildActionMask = 2147483647;
			files = (
				282CD986214254D900E4B4BE /* LaunchScreen.storyboard in Resources */,
				282CD983214254D900E4B4BE /* Assets.xcassets in Resources */,
				282CD981214254D900E4B4BE /* Main.storyboard in Resources */,
			);
			runOnlyForDeploymentPostprocessing = 0;
		};
		282CD98A214254D900E4B4BE /* Resources */ = {
			isa = PBXResourcesBuildPhase;
			buildActionMask = 2147483647;
			files = (
			);
			runOnlyForDeploymentPostprocessing = 0;
		};
		282CD995214254D900E4B4BE /* Resources */ = {
			isa = PBXResourcesBuildPhase;
			buildActionMask = 2147483647;
			files = (
			);
			runOnlyForDeploymentPostprocessing = 0;
		};
/* End PBXResourcesBuildPhase section */

/* Begin PBXSourcesBuildPhase section */
		282CD974214254D900E4B4BE /* Sources */ = {
			isa = PBXSourcesBuildPhase;
			buildActionMask = 2147483647;
			files = (
				282CD9AE21460F6400E4B4BE /* FirstViewController.swift in Sources */,
				282CD97E214254D900E4B4BE /* ViewController.swift in Sources */,
				282CD9AA21425E5800E4B4BE /* NavigationHander.swift in Sources */,
				282CD9AC2142609600E4B4BE /* NavigationAnimator.swift in Sources */,
				282CD97C214254D900E4B4BE /* AppDelegate.swift in Sources */,
			);
			runOnlyForDeploymentPostprocessing = 0;
		};
		282CD988214254D900E4B4BE /* Sources */ = {
			isa = PBXSourcesBuildPhase;
			buildActionMask = 2147483647;
			files = (
				282CD991214254D900E4B4BE /* PopGestureTests.swift in Sources */,
			);
			runOnlyForDeploymentPostprocessing = 0;
		};
		282CD993214254D900E4B4BE /* Sources */ = {
			isa = PBXSourcesBuildPhase;
			buildActionMask = 2147483647;
			files = (
				282CD99C214254DA00E4B4BE /* PopGestureUITests.swift in Sources */,
			);
			runOnlyForDeploymentPostprocessing = 0;
		};
/* End PBXSourcesBuildPhase section */

/* Begin PBXTargetDependency section */
		282CD98E214254D900E4B4BE /* PBXTargetDependency */ = {
			isa = PBXTargetDependency;
			target = 282CD977214254D900E4B4BE /* PopGesture */;
			targetProxy = 282CD98D214254D900E4B4BE /* PBXContainerItemProxy */;
		};
		282CD999214254D900E4B4BE /* PBXTargetDependency */ = {
			isa = PBXTargetDependency;
			target = 282CD977214254D900E4B4BE /* PopGesture */;
			targetProxy = 282CD998214254D900E4B4BE /* PBXContainerItemProxy */;
		};
/* End PBXTargetDependency section */

/* Begin PBXVariantGroup section */
		282CD97F214254D900E4B4BE /* Main.storyboard */ = {
			isa = PBXVariantGroup;
			children = (
				282CD980214254D900E4B4BE /* Base */,
			);
			name = Main.storyboard;
			sourceTree = "<group>";
		};
		282CD984214254D900E4B4BE /* LaunchScreen.storyboard */ = {
			isa = PBXVariantGroup;
			children = (
				282CD985214254D900E4B4BE /* Base */,
			);
			name = LaunchScreen.storyboard;
			sourceTree = "<group>";
		};
/* End PBXVariantGroup section */

/* Begin XCBuildConfiguration section */
		282CD99E214254DA00E4B4BE /* Debug */ = {
			isa = XCBuildConfiguration;
			buildSettings = {
				ALWAYS_SEARCH_USER_PATHS = NO;
				CLANG_ANALYZER_NONNULL = YES;
				CLANG_ANALYZER_NUMBER_OBJECT_CONVERSION = YES_AGGRESSIVE;
				CLANG_CXX_LANGUAGE_STANDARD = "gnu++14";
				CLANG_CXX_LIBRARY = "libc++";
				CLANG_ENABLE_MODULES = YES;
				CLANG_ENABLE_OBJC_ARC = YES;
				CLANG_ENABLE_OBJC_WEAK = YES;
				CLANG_WARN_BLOCK_CAPTURE_AUTORELEASING = YES;
				CLANG_WARN_BOOL_CONVERSION = YES;
				CLANG_WARN_COMMA = YES;
				CLANG_WARN_CONSTANT_CONVERSION = YES;
				CLANG_WARN_DEPRECATED_OBJC_IMPLEMENTATIONS = YES;
				CLANG_WARN_DIRECT_OBJC_ISA_USAGE = YES_ERROR;
				CLANG_WARN_DOCUMENTATION_COMMENTS = YES;
				CLANG_WARN_EMPTY_BODY = YES;
				CLANG_WARN_ENUM_CONVERSION = YES;
				CLANG_WARN_INFINITE_RECURSION = YES;
				CLANG_WARN_INT_CONVERSION = YES;
				CLANG_WARN_NON_LITERAL_NULL_CONVERSION = YES;
				CLANG_WARN_OBJC_IMPLICIT_RETAIN_SELF = YES;
				CLANG_WARN_OBJC_LITERAL_CONVERSION = YES;
				CLANG_WARN_OBJC_ROOT_CLASS = YES_ERROR;
				CLANG_WARN_RANGE_LOOP_ANALYSIS = YES;
				CLANG_WARN_STRICT_PROTOTYPES = YES;
				CLANG_WARN_SUSPICIOUS_MOVE = YES;
				CLANG_WARN_UNGUARDED_AVAILABILITY = YES_AGGRESSIVE;
				CLANG_WARN_UNREACHABLE_CODE = YES;
				CLANG_WARN__DUPLICATE_METHOD_MATCH = YES;
				CODE_SIGN_IDENTITY = "iPhone Developer";
				COPY_PHASE_STRIP = NO;
				DEBUG_INFORMATION_FORMAT = dwarf;
				ENABLE_STRICT_OBJC_MSGSEND = YES;
				ENABLE_TESTABILITY = YES;
				GCC_C_LANGUAGE_STANDARD = gnu11;
				GCC_DYNAMIC_NO_PIC = NO;
				GCC_NO_COMMON_BLOCKS = YES;
				GCC_OPTIMIZATION_LEVEL = 0;
				GCC_PREPROCESSOR_DEFINITIONS = (
					"DEBUG=1",
					"$(inherited)",
				);
				GCC_WARN_64_TO_32_BIT_CONVERSION = YES;
				GCC_WARN_ABOUT_RETURN_TYPE = YES_ERROR;
				GCC_WARN_UNDECLARED_SELECTOR = YES;
				GCC_WARN_UNINITIALIZED_AUTOS = YES_AGGRESSIVE;
				GCC_WARN_UNUSED_FUNCTION = YES;
				GCC_WARN_UNUSED_VARIABLE = YES;
				IPHONEOS_DEPLOYMENT_TARGET = 11.4;
				MTL_ENABLE_DEBUG_INFO = YES;
				ONLY_ACTIVE_ARCH = YES;
				SDKROOT = iphoneos;
				SWIFT_ACTIVE_COMPILATION_CONDITIONS = DEBUG;
				SWIFT_OPTIMIZATION_LEVEL = "-Onone";
			};
			name = Debug;
		};
		282CD99F214254DA00E4B4BE /* Release */ = {
			isa = XCBuildConfiguration;
			buildSettings = {
				ALWAYS_SEARCH_USER_PATHS = NO;
				CLANG_ANALYZER_NONNULL = YES;
				CLANG_ANALYZER_NUMBER_OBJECT_CONVERSION = YES_AGGRESSIVE;
				CLANG_CXX_LANGUAGE_STANDARD = "gnu++14";
				CLANG_CXX_LIBRARY = "libc++";
				CLANG_ENABLE_MODULES = YES;
				CLANG_ENABLE_OBJC_ARC = YES;
				CLANG_ENABLE_OBJC_WEAK = YES;
				CLANG_WARN_BLOCK_CAPTURE_AUTORELEASING = YES;
				CLANG_WARN_BOOL_CONVERSION = YES;
				CLANG_WARN_COMMA = YES;
				CLANG_WARN_CONSTANT_CONVERSION = YES;
				CLANG_WARN_DEPRECATED_OBJC_IMPLEMENTATIONS = YES;
				CLANG_WARN_DIRECT_OBJC_ISA_USAGE = YES_ERROR;
				CLANG_WARN_DOCUMENTATION_COMMENTS = YES;
				CLANG_WARN_EMPTY_BODY = YES;
				CLANG_WARN_ENUM_CONVERSION = YES;
				CLANG_WARN_INFINITE_RECURSION = YES;
				CLANG_WARN_INT_CONVERSION = YES;
				CLANG_WARN_NON_LITERAL_NULL_CONVERSION = YES;
				CLANG_WARN_OBJC_IMPLICIT_RETAIN_SELF = YES;
				CLANG_WARN_OBJC_LITERAL_CONVERSION = YES;
				CLANG_WARN_OBJC_ROOT_CLASS = YES_ERROR;
				CLANG_WARN_RANGE_LOOP_ANALYSIS = YES;
				CLANG_WARN_STRICT_PROTOTYPES = YES;
				CLANG_WARN_SUSPICIOUS_MOVE = YES;
				CLANG_WARN_UNGUARDED_AVAILABILITY = YES_AGGRESSIVE;
				CLANG_WARN_UNREACHABLE_CODE = YES;
				CLANG_WARN__DUPLICATE_METHOD_MATCH = YES;
				CODE_SIGN_IDENTITY = "iPhone Developer";
				COPY_PHASE_STRIP = NO;
				DEBUG_INFORMATION_FORMAT = "dwarf-with-dsym";
				ENABLE_NS_ASSERTIONS = NO;
				ENABLE_STRICT_OBJC_MSGSEND = YES;
				GCC_C_LANGUAGE_STANDARD = gnu11;
				GCC_NO_COMMON_BLOCKS = YES;
				GCC_WARN_64_TO_32_BIT_CONVERSION = YES;
				GCC_WARN_ABOUT_RETURN_TYPE = YES_ERROR;
				GCC_WARN_UNDECLARED_SELECTOR = YES;
				GCC_WARN_UNINITIALIZED_AUTOS = YES_AGGRESSIVE;
				GCC_WARN_UNUSED_FUNCTION = YES;
				GCC_WARN_UNUSED_VARIABLE = YES;
				IPHONEOS_DEPLOYMENT_TARGET = 11.4;
				MTL_ENABLE_DEBUG_INFO = NO;
				SDKROOT = iphoneos;
				SWIFT_COMPILATION_MODE = wholemodule;
				SWIFT_OPTIMIZATION_LEVEL = "-O";
				VALIDATE_PRODUCT = YES;
			};
			name = Release;
		};
		282CD9A1214254DA00E4B4BE /* Debug */ = {
			isa = XCBuildConfiguration;
			buildSettings = {
				ASSETCATALOG_COMPILER_APPICON_NAME = AppIcon;
				CODE_SIGN_STYLE = Automatic;
				INFOPLIST_FILE = PopGesture/Info.plist;
				IPHONEOS_DEPLOYMENT_TARGET = 9.0;
				LD_RUNPATH_SEARCH_PATHS = (
					"$(inherited)",
					"@executable_path/Frameworks",
				);
				PRODUCT_BUNDLE_IDENTIFIER = com.liuyongfa.PopGesture;
				PRODUCT_NAME = "$(TARGET_NAME)";
				SWIFT_VERSION = 4.0;
				TARGETED_DEVICE_FAMILY = "1,2";
			};
			name = Debug;
		};
		282CD9A2214254DA00E4B4BE /* Release */ = {
			isa = XCBuildConfiguration;
			buildSettings = {
				ASSETCATALOG_COMPILER_APPICON_NAME = AppIcon;
				CODE_SIGN_STYLE = Automatic;
				INFOPLIST_FILE = PopGesture/Info.plist;
				IPHONEOS_DEPLOYMENT_TARGET = 9.0;
				LD_RUNPATH_SEARCH_PATHS = (
					"$(inherited)",
					"@executable_path/Frameworks",
				);
				PRODUCT_BUNDLE_IDENTIFIER = com.liuyongfa.PopGesture;
				PRODUCT_NAME = "$(TARGET_NAME)";
				SWIFT_VERSION = 4.0;
				TARGETED_DEVICE_FAMILY = "1,2";
			};
			name = Release;
		};
		282CD9A4214254DA00E4B4BE /* Debug */ = {
			isa = XCBuildConfiguration;
			buildSettings = {
				ALWAYS_EMBED_SWIFT_STANDARD_LIBRARIES = YES;
				BUNDLE_LOADER = "$(TEST_HOST)";
				CODE_SIGN_STYLE = Automatic;
				INFOPLIST_FILE = PopGestureTests/Info.plist;
				LD_RUNPATH_SEARCH_PATHS = (
					"$(inherited)",
					"@executable_path/Frameworks",
					"@loader_path/Frameworks",
				);
				PRODUCT_BUNDLE_IDENTIFIER = com.liuyongfa.PopGestureTests;
				PRODUCT_NAME = "$(TARGET_NAME)";
				SWIFT_VERSION = 4.0;
				TARGETED_DEVICE_FAMILY = "1,2";
				TEST_HOST = "$(BUILT_PRODUCTS_DIR)/PopGesture.app/PopGesture";
			};
			name = Debug;
		};
		282CD9A5214254DA00E4B4BE /* Release */ = {
			isa = XCBuildConfiguration;
			buildSettings = {
				ALWAYS_EMBED_SWIFT_STANDARD_LIBRARIES = YES;
				BUNDLE_LOADER = "$(TEST_HOST)";
				CODE_SIGN_STYLE = Automatic;
				INFOPLIST_FILE = PopGestureTests/Info.plist;
				LD_RUNPATH_SEARCH_PATHS = (
					"$(inherited)",
					"@executable_path/Frameworks",
					"@loader_path/Frameworks",
				);
				PRODUCT_BUNDLE_IDENTIFIER = com.liuyongfa.PopGestureTests;
				PRODUCT_NAME = "$(TARGET_NAME)";
				SWIFT_VERSION = 4.0;
				TARGETED_DEVICE_FAMILY = "1,2";
				TEST_HOST = "$(BUILT_PRODUCTS_DIR)/PopGesture.app/PopGesture";
			};
			name = Release;
		};
		282CD9A7214254DA00E4B4BE /* Debug */ = {
			isa = XCBuildConfiguration;
			buildSettings = {
				ALWAYS_EMBED_SWIFT_STANDARD_LIBRARIES = YES;
				CODE_SIGN_STYLE = Automatic;
				INFOPLIST_FILE = PopGestureUITests/Info.plist;
				LD_RUNPATH_SEARCH_PATHS = (
					"$(inherited)",
					"@executable_path/Frameworks",
					"@loader_path/Frameworks",
				);
				PRODUCT_BUNDLE_IDENTIFIER = com.liuyongfa.PopGestureUITests;
				PRODUCT_NAME = "$(TARGET_NAME)";
				SWIFT_VERSION = 4.0;
				TARGETED_DEVICE_FAMILY = "1,2";
				TEST_TARGET_NAME = PopGesture;
			};
			name = Debug;
		};
		282CD9A8214254DA00E4B4BE /* Release */ = {
			isa = XCBuildConfiguration;
			buildSettings = {
				ALWAYS_EMBED_SWIFT_STANDARD_LIBRARIES = YES;
				CODE_SIGN_STYLE = Automatic;
				INFOPLIST_FILE = PopGestureUITests/Info.plist;
				LD_RUNPATH_SEARCH_PATHS = (
					"$(inherited)",
					"@executable_path/Frameworks",
					"@loader_path/Frameworks",
				);
				PRODUCT_BUNDLE_IDENTIFIER = com.liuyongfa.PopGestureUITests;
				PRODUCT_NAME = "$(TARGET_NAME)";
				SWIFT_VERSION = 4.0;
				TARGETED_DEVICE_FAMILY = "1,2";
				TEST_TARGET_NAME = PopGesture;
			};
			name = Release;
		};
/* End XCBuildConfiguration section */

/* Begin XCConfigurationList section */
		282CD973214254D800E4B4BE /* Build configuration list for PBXProject "PopGesture" */ = {
			isa = XCConfigurationList;
			buildConfigurations = (
				282CD99E214254DA00E4B4BE /* Debug */,
				282CD99F214254DA00E4B4BE /* Release */,
			);
			defaultConfigurationIsVisible = 0;
			defaultConfigurationName = Release;
		};
		282CD9A0214254DA00E4B4BE /* Build configuration list for PBXNativeTarget "PopGesture" */ = {
			isa = XCConfigurationList;
			buildConfigurations = (
				282CD9A1214254DA00E4B4BE /* Debug */,
				282CD9A2214254DA00E4B4BE /* Release */,
			);
			defaultConfigurationIsVisible = 0;
			defaultConfigurationName = Release;
		};
		282CD9A3214254DA00E4B4BE /* Build configuration list for PBXNativeTarget "PopGestureTests" */ = {
			isa = XCConfigurationList;
			buildConfigurations = (
				282CD9A4214254DA00E4B4BE /* Debug */,
				282CD9A5214254DA00E4B4BE /* Release */,
			);
			defaultConfigurationIsVisible = 0;
			defaultConfigurationName = Release;
		};
		282CD9A6214254DA00E4B4BE /* Build configuration list for PBXNativeTarget "PopGestureUITests" */ = {
			isa = XCConfigurationList;
			buildConfigurations = (
				282CD9A7214254DA00E4B4BE /* Debug */,
				282CD9A8214254DA00E4B4BE /* Release */,
			);
			defaultConfigurationIsVisible = 0;
			defaultConfigurationName = Release;
		};
/* End XCConfigurationList section */
	};
	rootObject = 282CD970214254D800E4B4BE /* Project object */;
}
